
Microsoft Visual Studio Solution File, Format Version 12.00
# Visual Studio Version 16
VisualStudioVersion = 16.0.31729.503
MinimumVisualStudioVersion = 10.0.40219.1
Project("{FAE04EC0-301F-11D3-BF4B-00C04F79EFBC}") = "codigoColecciones", "codigoColecciones\codigoColecciones.csproj", "{CC2FEEA3-E1F4-4543-8576-49FDBD89F77B}"
EndProject
Global
	GlobalSection(SolutionConfigurationPlatforms) = preSolution
		Debug|Any CPU = Debug|Any CPU
		Release|Any CPU = Release|Any CPU
	EndGlobalSection
	GlobalSection(ProjectConfigurationPlatforms) = postSolution
		{CC2FEEA3-E1F4-4543-8576-49FDBD89F77B}.Debug|Any CPU.ActiveCfg = Debug|Any CPU
		{CC2FEEA3-E1F4-4543-8576-49FDBD89F77B}.Debug|Any CPU.Build.0 = Debug|Any CPU
		{CC2FEEA3-E1F4-4543-8576-49FDBD89F77B}.Release|Any CPU.ActiveCfg = Release|Any CPU
		{CC2FEEA3-E1F4-4543-8576-49FDBD89F77B}.Release|Any CPU.Build.0 = Release|Any CPU
	EndGlobalSection
	GlobalSection(SolutionProperties) = preSolution
		HideSolutionNode = FALSE
	EndGlobalSection
	GlobalSection(ExtensibilityGlobals) = postSolution
		SolutionGuid = {440E546E-99A5-4E47-8CA6-CE144FFA59D0}
	EndGlobalSection
EndGlobal
